PODS:
  - boost (1.76.0)
  - boost-for-react-native (1.63.0)
  - CocoaAsyncSocket (7.6.5)
  - DoubleConversion (1.1.6)
  - FBLazyVector (0.66.59)
  - FBReactNativeSpec (0.66.59):
    - RCT-Folly (= 2021.06.28.00-v2)
    - RCTRequired (= 0.66.59)
    - RCTTypeSafety (= 0.66.59)
    - React-Core (= 0.66.59)
    - React-jsi (= 0.66.59)
    - ReactCommon/turbomodule/core (= 0.66.59)
  - Flipper (0.99.0):
    - Flipper-Folly (~> 2.6)
    - Flipper-RSocket (~> 1.4)
  - Flipper-Boost-iOSX (1.76.0.1.11)
  - Flipper-DoubleConversion (3.1.7)
  - Flipper-Fmt (7.1.7)
  - Flipper-Folly (2.6.7):
    - Flipper-Boost-iOSX
    - Flipper-DoubleConversion
    - Flipper-Fmt (= 7.1.7)
    - Flipper-Glog
    - libevent (~> 2.1.12)
    - OpenSSL-Universal (= 1.1.180)
  - Flipper-Glog (0.3.6)
  - Flipper-PeerTalk (0.0.4)
  - Flipper-RSocket (1.4.3):
    - Flipper-Folly (~> 2.6)
  - FlipperKit (0.99.0):
    - FlipperKit/Core (= 0.99.0)
  - FlipperKit/Core (0.99.0):
    - Flipper (~> 0.99.0)
    - FlipperKit/CppBridge
    - FlipperKit/FBCxxFollyDynamicConvert
    - FlipperKit/FBDefines
    - FlipperKit/FKPortForwarding
  - FlipperKit/CppBridge (0.99.0):
    - Flipper (~> 0.99.0)
  - FlipperKit/FBCxxFollyDynamicConvert (0.99.0):
    - Flipper-Folly (~> 2.6)
  - FlipperKit/FBDefines (0.99.0)
  - FlipperKit/FKPortForwarding (0.99.0):
    - CocoaAsyncSocket (~> 7.6)
    - Flipper-PeerTalk (~> 0.0.4)
  - FlipperKit/FlipperKitHighlightOverlay (0.99.0)
  - FlipperKit/FlipperKitLayoutHelpers (0.99.0):
    - FlipperKit/Core
    - FlipperKit/FlipperKitHighlightOverlay
    - FlipperKit/FlipperKitLayoutTextSearchable
  - FlipperKit/FlipperKitLayoutIOSDescriptors (0.99.0):
    - FlipperKit/Core
    - FlipperKit/FlipperKitHighlightOverlay
    - FlipperKit/FlipperKitLayoutHelpers
    - YogaKit (~> 1.18)
  - FlipperKit/FlipperKitLayoutPlugin (0.99.0):
    - FlipperKit/Core
    - FlipperKit/FlipperKitHighlightOverlay
    - FlipperKit/FlipperKitLayoutHelpers
    - FlipperKit/FlipperKitLayoutIOSDescriptors
    - FlipperKit/FlipperKitLayoutTextSearchable
    - YogaKit (~> 1.18)
  - FlipperKit/FlipperKitLayoutTextSearchable (0.99.0)
  - FlipperKit/FlipperKitNetworkPlugin (0.99.0):
    - FlipperKit/Core
  - FlipperKit/FlipperKitReactPlugin (0.99.0):
    - FlipperKit/Core
  - FlipperKit/FlipperKitUserDefaultsPlugin (0.99.0):
    - FlipperKit/Core
  - FlipperKit/SKIOSNetworkPlugin (0.99.0):
    - FlipperKit/Core
    - FlipperKit/FlipperKitNetworkPlugin
  - fmt (6.2.1)
  - glog (0.3.5)
  - libevent (2.1.12)
  - OpenSSL-Universal (1.1.180)
  - RCT-Folly (2021.06.28.00-v2):
    - boost
    - DoubleConversion
    - fmt (~> 6.2.1)
    - glog
    - RCT-Folly/Default (= 2021.06.28.00-v2)
  - RCT-Folly/Default (2021.06.28.00-v2):
    - boost
    - DoubleConversion
    - fmt (~> 6.2.1)
    - glog
  - RCTRequired (0.66.59)
  - RCTTypeSafety (0.66.59):
    - FBLazyVector (= 0.66.59)
    - RCT-Folly (= 2021.06.28.00-v2)
    - RCTRequired (= 0.66.59)
    - React-Core (= 0.66.59)
  - React (0.66.59):
    - React-Core (= 0.66.59)
    - React-Core/DevSupport (= 0.66.59)
    - React-Core/RCTWebSocket (= 0.66.59)
    - React-RCTActionSheet (= 0.66.59)
    - React-RCTAnimation (= 0.66.59)
    - React-RCTBlob (= 0.66.59)
    - React-RCTImage (= 0.66.59)
    - React-RCTLinking (= 0.66.59)
    - React-RCTNetwork (= 0.66.59)
    - React-RCTSettings (= 0.66.59)
    - React-RCTText (= 0.66.59)
    - React-RCTVibration (= 0.66.59)
  - React-callinvoker (0.66.59)
  - React-Core (0.66.59):
    - glog
    - RCT-Folly (= 2021.06.28.00-v2)
    - React-Core/Default (= 0.66.59)
    - React-cxxreact (= 0.66.59)
    - React-jsi (= 0.66.59)
    - React-jsiexecutor (= 0.66.59)
    - React-perflogger (= 0.66.59)
    - Yoga
  - React-Core/CoreModulesHeaders (0.66.59):
    - glog
    - RCT-Folly (= 2021.06.28.00-v2)
    - React-Core/Default
    - React-cxxreact (= 0.66.59)
    - React-jsi (= 0.66.59)
    - React-jsiexecutor (= 0.66.59)
    - React-perflogger (= 0.66.59)
    - Yoga
  - React-Core/Default (0.66.59):
    - glog
    - RCT-Folly (= 2021.06.28.00-v2)
    - React-cxxreact (= 0.66.59)
    - React-jsi (= 0.66.59)
    - React-jsiexecutor (= 0.66.59)
    - React-perflogger (= 0.66.59)
    - Yoga
  - React-Core/DevSupport (0.66.59):
    - glog
    - RCT-Folly (= 2021.06.28.00-v2)
    - React-Core/Default (= 0.66.59)
    - React-Core/RCTWebSocket (= 0.66.59)
    - React-cxxreact (= 0.66.59)
    - React-jsi (= 0.66.59)
    - React-jsiexecutor (= 0.66.59)
    - React-jsinspector (= 0.66.59)
    - React-perflogger (= 0.66.59)
    - Yoga
  - React-Core/RCTActionSheetHeaders (0.66.59):
    - glog
    - RCT-Folly (= 2021.06.28.00-v2)
    - React-Core/Default
    - React-cxxreact (= 0.66.59)
    - React-jsi (= 0.66.59)
    - React-jsiexecutor (= 0.66.59)
    - React-perflogger (= 0.66.59)
    - Yoga
  - React-Core/RCTAnimationHeaders (0.66.59):
    - glog
    - RCT-Folly (= 2021.06.28.00-v2)
    - React-Core/Default
    - React-cxxreact (= 0.66.59)
    - React-jsi (= 0.66.59)
    - React-jsiexecutor (= 0.66.59)
    - React-perflogger (= 0.66.59)
    - Yoga
  - React-Core/RCTBlobHeaders (0.66.59):
    - glog
    - RCT-Folly (= 2021.06.28.00-v2)
    - React-Core/Default
    - React-cxxreact (= 0.66.59)
    - React-jsi (= 0.66.59)
    - React-jsiexecutor (= 0.66.59)
    - React-perflogger (= 0.66.59)
    - Yoga
  - React-Core/RCTImageHeaders (0.66.59):
    - glog
    - RCT-Folly (= 2021.06.28.00-v2)
    - React-Core/Default
    - React-cxxreact (= 0.66.59)
    - React-jsi (= 0.66.59)
    - React-jsiexecutor (= 0.66.59)
    - React-perflogger (= 0.66.59)
    - Yoga
  - React-Core/RCTLinkingHeaders (0.66.59):
    - glog
    - RCT-Folly (= 2021.06.28.00-v2)
    - React-Core/Default
    - React-cxxreact (= 0.66.59)
    - React-jsi (= 0.66.59)
    - React-jsiexecutor (= 0.66.59)
    - React-perflogger (= 0.66.59)
    - Yoga
  - React-Core/RCTNetworkHeaders (0.66.59):
    - glog
    - RCT-Folly (= 2021.06.28.00-v2)
    - React-Core/Default
    - React-cxxreact (= 0.66.59)
    - React-jsi (= 0.66.59)
    - React-jsiexecutor (= 0.66.59)
    - React-perflogger (= 0.66.59)
    - Yoga
  - React-Core/RCTSettingsHeaders (0.66.59):
    - glog
    - RCT-Folly (= 2021.06.28.00-v2)
    - React-Core/Default
    - React-cxxreact (= 0.66.59)
    - React-jsi (= 0.66.59)
    - React-jsiexecutor (= 0.66.59)
    - React-perflogger (= 0.66.59)
    - Yoga
  - React-Core/RCTTextHeaders (0.66.59):
    - glog
    - RCT-Folly (= 2021.06.28.00-v2)
    - React-Core/Default
    - React-cxxreact (= 0.66.59)
    - React-jsi (= 0.66.59)
    - React-jsiexecutor (= 0.66.59)
    - React-perflogger (= 0.66.59)
    - Yoga
  - React-Core/RCTVibrationHeaders (0.66.59):
    - glog
    - RCT-Folly (= 2021.06.28.00-v2)
    - React-Core/Default
    - React-cxxreact (= 0.66.59)
    - React-jsi (= 0.66.59)
    - React-jsiexecutor (= 0.66.59)
    - React-perflogger (= 0.66.59)
    - Yoga
  - React-Core/RCTWebSocket (0.66.59):
    - glog
    - RCT-Folly (= 2021.06.28.00-v2)
    - React-Core/Default (= 0.66.59)
    - React-cxxreact (= 0.66.59)
    - React-jsi (= 0.66.59)
    - React-jsiexecutor (= 0.66.59)
    - React-perflogger (= 0.66.59)
    - Yoga
  - React-CoreModules (0.66.59):
    - FBReactNativeSpec (= 0.66.59)
    - RCT-Folly (= 2021.06.28.00-v2)
    - RCTTypeSafety (= 0.66.59)
    - React-Core/CoreModulesHeaders (= 0.66.59)
    - React-jsi (= 0.66.59)
    - React-RCTImage (= 0.66.59)
    - ReactCommon/turbomodule/core (= 0.66.59)
  - React-cxxreact (0.66.59):
    - boost (= 1.76.0)
    - DoubleConversion
    - glog
    - RCT-Folly (= 2021.06.28.00-v2)
    - React-callinvoker (= 0.66.59)
    - React-jsi (= 0.66.59)
    - React-jsinspector (= 0.66.59)
    - React-logger (= 0.66.59)
    - React-perflogger (= 0.66.59)
    - React-runtimeexecutor (= 0.66.59)
  - React-jsi (0.66.59):
    - boost (= 1.76.0)
    - DoubleConversion
    - glog
    - RCT-Folly (= 2021.06.28.00-v2)
    - React-jsi/Default (= 0.66.59)
  - React-jsi/Default (0.66.59):
    - boost (= 1.76.0)
    - DoubleConversion
    - glog
    - RCT-Folly (= 2021.06.28.00-v2)
  - React-jsiexecutor (0.66.59):
    - DoubleConversion
    - glog
    - RCT-Folly (= 2021.06.28.00-v2)
    - React-cxxreact (= 0.66.59)
    - React-jsi (= 0.66.59)
    - React-perflogger (= 0.66.59)
  - React-jsinspector (0.66.59)
  - React-logger (0.66.59):
    - glog
  - react-native-pager-view (5.4.15):
    - React-Core
  - react-native-safe-area-context (4.2.5):
    - RCT-Folly
    - RCTRequired
    - RCTTypeSafety
    - React
    - ReactCommon/turbomodule/core
  - React-perflogger (0.66.59)
  - React-RCTActionSheet (0.66.59):
    - React-Core/RCTActionSheetHeaders (= 0.66.59)
  - React-RCTAnimation (0.66.59):
    - FBReactNativeSpec (= 0.66.59)
    - RCT-Folly (= 2021.06.28.00-v2)
    - RCTTypeSafety (= 0.66.59)
    - React-Core/RCTAnimationHeaders (= 0.66.59)
    - React-jsi (= 0.66.59)
    - ReactCommon/turbomodule/core (= 0.66.59)
  - React-RCTBlob (0.66.59):
    - FBReactNativeSpec (= 0.66.59)
    - RCT-Folly (= 2021.06.28.00-v2)
    - React-Core/RCTBlobHeaders (= 0.66.59)
    - React-Core/RCTWebSocket (= 0.66.59)
    - React-jsi (= 0.66.59)
    - React-RCTNetwork (= 0.66.59)
    - ReactCommon/turbomodule/core (= 0.66.59)
  - React-RCTImage (0.66.59):
    - FBReactNativeSpec (= 0.66.59)
    - RCT-Folly (= 2021.06.28.00-v2)
    - RCTTypeSafety (= 0.66.59)
    - React-Core/RCTImageHeaders (= 0.66.59)
    - React-jsi (= 0.66.59)
    - React-RCTNetwork (= 0.66.59)
    - ReactCommon/turbomodule/core (= 0.66.59)
  - React-RCTLinking (0.66.59):
    - FBReactNativeSpec (= 0.66.59)
    - React-Core/RCTLinkingHeaders (= 0.66.59)
    - React-jsi (= 0.66.59)
    - ReactCommon/turbomodule/core (= 0.66.59)
  - React-RCTNetwork (0.66.59):
    - FBReactNativeSpec (= 0.66.59)
    - RCT-Folly (= 2021.06.28.00-v2)
    - RCTTypeSafety (= 0.66.59)
    - React-Core/RCTNetworkHeaders (= 0.66.59)
    - React-jsi (= 0.66.59)
    - ReactCommon/turbomodule/core (= 0.66.59)
  - React-RCTSettings (0.66.59):
    - FBReactNativeSpec (= 0.66.59)
    - RCT-Folly (= 2021.06.28.00-v2)
    - RCTTypeSafety (= 0.66.59)
    - React-Core/RCTSettingsHeaders (= 0.66.59)
    - React-jsi (= 0.66.59)
    - ReactCommon/turbomodule/core (= 0.66.59)
  - React-RCTText (0.66.59):
    - React-Core/RCTTextHeaders (= 0.66.59)
  - React-RCTVibration (0.66.59):
    - FBReactNativeSpec (= 0.66.59)
    - RCT-Folly (= 2021.06.28.00-v2)
    - React-Core/RCTVibrationHeaders (= 0.66.59)
    - React-jsi (= 0.66.59)
    - ReactCommon/turbomodule/core (= 0.66.59)
  - React-runtimeexecutor (0.66.59):
    - React-jsi (= 0.66.59)
  - ReactCommon/turbomodule/core (0.66.59):
    - DoubleConversion
    - glog
    - RCT-Folly (= 2021.06.28.00-v2)
    - React-callinvoker (= 0.66.59)
    - React-Core (= 0.66.59)
    - React-cxxreact (= 0.66.59)
    - React-jsi (= 0.66.59)
    - React-logger (= 0.66.59)
    - React-perflogger (= 0.66.59)
  - RNCAsyncStorage (1.17.7):
    - React-Core
  - RNCClipboard (1.10.0):
    - React-Core
  - RNSVG (12.3.0):
    - React-Core
  - Yoga (1.14.0)
  - YogaKit (1.18.1):
    - Yoga (~> 1.14)

DEPENDENCIES:
  - boost (from `../node_modules/react-native-macos/third-party-podspecs/boost.podspec`)
  - boost-for-react-native (from `../node_modules/react-native-macos/third-party-podspecs/boost-for-react-native.podspec`)
  - DoubleConversion (from `../node_modules/react-native-macos/third-party-podspecs/DoubleConversion.podspec`)
  - FBLazyVector (from `../node_modules/react-native-macos/Libraries/FBLazyVector`)
  - FBReactNativeSpec (from `../node_modules/react-native-macos/React/FBReactNativeSpec`)
  - Flipper (= 0.99.0)
  - Flipper-Boost-iOSX (= 1.76.0.1.11)
  - Flipper-DoubleConversion (= 3.1.7)
  - Flipper-Fmt (= 7.1.7)
  - Flipper-Folly (= 2.6.7)
  - Flipper-Glog (= 0.3.6)
  - Flipper-PeerTalk (= 0.0.4)
  - Flipper-RSocket (= 1.4.3)
  - FlipperKit (= 0.99.0)
  - FlipperKit/Core (= 0.99.0)
  - FlipperKit/CppBridge (= 0.99.0)
  - FlipperKit/FBCxxFollyDynamicConvert (= 0.99.0)
  - FlipperKit/FBDefines (= 0.99.0)
  - FlipperKit/FKPortForwarding (= 0.99.0)
  - FlipperKit/FlipperKitHighlightOverlay (= 0.99.0)
  - FlipperKit/FlipperKitLayoutPlugin (= 0.99.0)
  - FlipperKit/FlipperKitLayoutTextSearchable (= 0.99.0)
  - FlipperKit/FlipperKitNetworkPlugin (= 0.99.0)
  - FlipperKit/FlipperKitReactPlugin (= 0.99.0)
  - FlipperKit/FlipperKitUserDefaultsPlugin (= 0.99.0)
  - FlipperKit/SKIOSNetworkPlugin (= 0.99.0)
  - glog (from `../node_modules/react-native-macos/third-party-podspecs/glog.podspec`)
  - RCT-Folly (from `../node_modules/react-native-macos/third-party-podspecs/RCT-Folly.podspec`)
  - RCTRequired (from `../node_modules/react-native-macos/Libraries/RCTRequired`)
  - RCTTypeSafety (from `../node_modules/react-native-macos/Libraries/TypeSafety`)
  - React (from `../node_modules/react-native-macos/`)
  - React-callinvoker (from `../node_modules/react-native-macos/ReactCommon/callinvoker`)
  - React-Core (from `../node_modules/react-native-macos/`)
  - React-Core/DevSupport (from `../node_modules/react-native-macos/`)
  - React-Core/RCTWebSocket (from `../node_modules/react-native-macos/`)
  - React-CoreModules (from `../node_modules/react-native-macos/React/CoreModules`)
  - React-cxxreact (from `../node_modules/react-native-macos/ReactCommon/cxxreact`)
  - React-jsi (from `../node_modules/react-native-macos/ReactCommon/jsi`)
  - React-jsiexecutor (from `../node_modules/react-native-macos/ReactCommon/jsiexecutor`)
  - React-jsinspector (from `../node_modules/react-native-macos/ReactCommon/jsinspector`)
  - React-logger (from `../node_modules/react-native-macos/ReactCommon/logger`)
  - react-native-pager-view (from `../node_modules/react-native-pager-view`)
  - react-native-safe-area-context (from `../node_modules/react-native-safe-area-context`)
  - React-perflogger (from `../node_modules/react-native-macos/ReactCommon/reactperflogger`)
  - React-RCTActionSheet (from `../node_modules/react-native-macos/Libraries/ActionSheetIOS`)
  - React-RCTAnimation (from `../node_modules/react-native-macos/Libraries/NativeAnimation`)
  - React-RCTBlob (from `../node_modules/react-native-macos/Libraries/Blob`)
  - React-RCTImage (from `../node_modules/react-native-macos/Libraries/Image`)
  - React-RCTLinking (from `../node_modules/react-native-macos/Libraries/LinkingIOS`)
  - React-RCTNetwork (from `../node_modules/react-native-macos/Libraries/Network`)
  - React-RCTSettings (from `../node_modules/react-native-macos/Libraries/Settings`)
  - React-RCTText (from `../node_modules/react-native-macos/Libraries/Text`)
  - React-RCTVibration (from `../node_modules/react-native-macos/Libraries/Vibration`)
  - React-runtimeexecutor (from `../node_modules/react-native-macos/ReactCommon/runtimeexecutor`)
  - ReactCommon/turbomodule/core (from `../node_modules/react-native-macos/ReactCommon`)
  - "RNCAsyncStorage (from `../node_modules/@react-native-async-storage/async-storage`)"
  - "RNCClipboard (from `../node_modules/@react-native-clipboard/clipboard`)"
  - RNSVG (from `../node_modules/react-native-svg`)
  - Yoga (from `../node_modules/react-native-macos/ReactCommon/yoga`)

SPEC REPOS:
  trunk:
    - CocoaAsyncSocket
    - Flipper
    - Flipper-Boost-iOSX
    - Flipper-DoubleConversion
    - Flipper-Fmt
    - Flipper-Folly
    - Flipper-Glog
    - Flipper-PeerTalk
    - Flipper-RSocket
    - FlipperKit
    - fmt
    - libevent
    - OpenSSL-Universal
    - YogaKit

EXTERNAL SOURCES:
  boost:
    :podspec: "../node_modules/react-native-macos/third-party-podspecs/boost.podspec"
  boost-for-react-native:
    :podspec: "../node_modules/react-native-macos/third-party-podspecs/boost-for-react-native.podspec"
  DoubleConversion:
    :podspec: "../node_modules/react-native-macos/third-party-podspecs/DoubleConversion.podspec"
  FBLazyVector:
    :path: "../node_modules/react-native-macos/Libraries/FBLazyVector"
  FBReactNativeSpec:
    :path: "../node_modules/react-native-macos/React/FBReactNativeSpec"
  glog:
    :podspec: "../node_modules/react-native-macos/third-party-podspecs/glog.podspec"
  RCT-Folly:
    :podspec: "../node_modules/react-native-macos/third-party-podspecs/RCT-Folly.podspec"
  RCTRequired:
    :path: "../node_modules/react-native-macos/Libraries/RCTRequired"
  RCTTypeSafety:
    :path: "../node_modules/react-native-macos/Libraries/TypeSafety"
  React:
    :path: "../node_modules/react-native-macos/"
  React-callinvoker:
    :path: "../node_modules/react-native-macos/ReactCommon/callinvoker"
  React-Core:
    :path: "../node_modules/react-native-macos/"
  React-CoreModules:
    :path: "../node_modules/react-native-macos/React/CoreModules"
  React-cxxreact:
    :path: "../node_modules/react-native-macos/ReactCommon/cxxreact"
  React-jsi:
    :path: "../node_modules/react-native-macos/ReactCommon/jsi"
  React-jsiexecutor:
    :path: "../node_modules/react-native-macos/ReactCommon/jsiexecutor"
  React-jsinspector:
    :path: "../node_modules/react-native-macos/ReactCommon/jsinspector"
  React-logger:
    :path: "../node_modules/react-native-macos/ReactCommon/logger"
  react-native-pager-view:
    :path: "../node_modules/react-native-pager-view"
  react-native-safe-area-context:
    :path: "../node_modules/react-native-safe-area-context"
  React-perflogger:
    :path: "../node_modules/react-native-macos/ReactCommon/reactperflogger"
  React-RCTActionSheet:
    :path: "../node_modules/react-native-macos/Libraries/ActionSheetIOS"
  React-RCTAnimation:
    :path: "../node_modules/react-native-macos/Libraries/NativeAnimation"
  React-RCTBlob:
    :path: "../node_modules/react-native-macos/Libraries/Blob"
  React-RCTImage:
    :path: "../node_modules/react-native-macos/Libraries/Image"
  React-RCTLinking:
    :path: "../node_modules/react-native-macos/Libraries/LinkingIOS"
  React-RCTNetwork:
    :path: "../node_modules/react-native-macos/Libraries/Network"
  React-RCTSettings:
    :path: "../node_modules/react-native-macos/Libraries/Settings"
  React-RCTText:
    :path: "../node_modules/react-native-macos/Libraries/Text"
  React-RCTVibration:
    :path: "../node_modules/react-native-macos/Libraries/Vibration"
  React-runtimeexecutor:
    :path: "../node_modules/react-native-macos/ReactCommon/runtimeexecutor"
  ReactCommon:
    :path: "../node_modules/react-native-macos/ReactCommon"
  RNCAsyncStorage:
    :path: "../node_modules/@react-native-async-storage/async-storage"
  RNCClipboard:
    :path: "../node_modules/@react-native-clipboard/clipboard"
  RNSVG:
    :path: "../node_modules/react-native-svg"
  Yoga:
    :path: "../node_modules/react-native-macos/ReactCommon/yoga"

SPEC CHECKSUMS:
  boost: 613e39eac4239cc72b15421247b5ab05361266a2
  boost-for-react-native: 8f7c9ecfe357664c072ffbe2432569667cbf1f1b
  CocoaAsyncSocket: 065fd1e645c7abab64f7a6a2007a48038fdc6a99
  DoubleConversion: ed15e075aa758ac0e4c1f8b830bd4e4d40d669e8
  FBLazyVector: 85cfb7fbc0dda13eb9007be7ed98241d8d7068d5
  FBReactNativeSpec: 27fa48f2d8aaf486d79c835664cf3c8efb8679b5
  Flipper: 30e8eeeed6abdc98edaf32af0cda2f198be4b733
  Flipper-Boost-iOSX: fd1e2b8cbef7e662a122412d7ac5f5bea715403c
  Flipper-DoubleConversion: 57ffbe81ef95306cc9e69c4aa3aeeeeb58a6a28c
  Flipper-Fmt: 60cbdd92fc254826e61d669a5d87ef7015396a9b
  Flipper-Folly: 83af37379faa69497529e414bd43fbfc7cae259a
  Flipper-Glog: 1dfd6abf1e922806c52ceb8701a3599a79a200a6
  Flipper-PeerTalk: 116d8f857dc6ef55c7a5a75ea3ceaafe878aadc9
  Flipper-RSocket: d9d9ade67cbecf6ac10730304bf5607266dd2541
  FlipperKit: d8d346844eca5d9120c17d441a2f38596e8ed2b9
  fmt: ff9d55029c625d3757ed641535fd4a75fedc7ce9
  glog: 42c4bf47024808486e90b25ea9e5ac3959047641
  libevent: 4049cae6c81cdb3654a443be001fb9bdceff7913
  OpenSSL-Universal: 1aa4f6a6ee7256b83db99ec1ccdaa80d10f9af9b
  RCT-Folly: 43adc9ce880eb76792f88c011773cb5c664c1419
  RCTRequired: e62e0f8d96f3920fe74c8b97b5bb3aefb82f8bad
  RCTTypeSafety: 2cf037aff14c2a6bcbc0b91beb520af3c9d55286
  React: 6d3d534fd423a2ca8977cedb069fb2a2de2a6ad3
  React-callinvoker: 9c8cfcade2491f30b34cb914f41391a4378157ef
  React-Core: d3b6064607c0ec40cc84a137d32762b28e9bf02e
  React-CoreModules: 820fd257103f9f6efda7db664236e9b652190d69
  React-cxxreact: 48a9c9efe8646cb415b9794f37228631f7074329
  React-jsi: 68be3b5bd24fd53fd80040de4d1b3eabeaf7d2c4
  React-jsiexecutor: 201955200e77c2826a2e2c02d12e301f1e03f752
  React-jsinspector: eb52b4a15e509bdec8a87a7df7205afe58898fbd
  React-logger: 1ca3109164bfc59f210c92a647cbbaab19d2dbb4
  react-native-pager-view: b1914469643f40042e65d78cbf3d3dfebd6fb0d9
  react-native-safe-area-context: ebf8c413eb8b5f7c392a036a315eb7b46b96845f
  React-perflogger: eabf0662bd613e7c39e38f909bdc956070170fd8
  React-RCTActionSheet: 659a57e5aa0bad81bf5b21a5fdb767a0a9ca228d
  React-RCTAnimation: 5a3e038de62e5606b79173bd8666d5e0536c060f
  React-RCTBlob: 606e5b2378ce177987c5b928f6229ca75ae49732
  React-RCTImage: e26ef6e33835fdd8a013077ceeb90e29808ad9f0
  React-RCTLinking: 3aed2bc207a4b04898a77b21fdaf3839b0969329
  React-RCTNetwork: 11ba2b31045ee6c2c97cbc17a81c14e016e9b10c
  React-RCTSettings: 6fd8a641283cc5b3ff316637170b0be2c22d76c5
  React-RCTText: fb62a8ebb4089e7d623ee341acaa239de73a99e0
  React-RCTVibration: 1994834ea683e5c4e526379792d6aa32e0fd1247
  React-runtimeexecutor: 2448619cd992835d29e4a1d6a25dfda5944cd862
  ReactCommon: be5050784e4c63c5c497d8ffa05236294180002a
  RNCAsyncStorage: d81ee5c3db1060afd49ea7045ad460eff82d2b7d
  RNCClipboard: f1736c75ab85b627a4d57587edb4b60999c4dd80
  RNSVG: 302bfc9905bd8122f08966dc2ce2d07b7b52b9f8
  Yoga: c4fd32325cd8ddcad2bda86eb57179fb248b720d
  YogaKit: f782866e155069a2cca2517aafea43200b01fd5a

PODFILE CHECKSUM: 9f137c6432ea0d9532cb654ee4c5b5593b4412a3

COCOAPODS: 1.11.3
