github.com/bradfitz/ip2asn v0.0.0-20220725205325-1069e332e707 h1:XxXIhwtfPEVazb1dkFi6EA1vbSWw6XCBU/vR79BI2XI=
github.com/bradfitz/ip2asn v0.0.0-20220725205325-1069e332e707/go.mod h1:JY/QtWIIARc1HYx53VnijIVPRgdEo1lBrtJfYt2DHMc=
github.com/dutchcoders/go-ouitools v0.0.0-20150909074929-ac8139d3326a h1:k0tlcLlo0xiIQ+PsvXHcMw5lmrWJ2dgtplMk5SnvAuw=
github.com/dutchcoders/go-ouitools v0.0.0-20150909074929-ac8139d3326a/go.mod h1:iw2+sjeXZHqxa3T+ufyw4bBRZyfp5B4prg1YPMHV4V0=
github.com/gorilla/mux v1.8.0 h1:i40aqfkR1h2SlN9hojwV5ZA91wcXFOvkdNIeFDP5koI=
github.com/gorilla/mux v1.8.0/go.mod h1:DVbg23sWSpFRCP0SfiEN6jmj59UnW/n46BH5rLB71So=
github.com/gorilla/mux v1.8.1 h1:TuBL49tXwgrFYWhqrNgrUNEY92u81SPhu7sTdzQEiWY=
github.com/gorilla/mux v1.8.1/go.mod h1:AKf9I4AEqPTmMytcMc0KkNouC66V3BtZ4qD5fmWSiMQ=
go4.org/mem v0.0.0-20200601023850-d8ee1dfa5518/go.mod h1:NEYvpHWemiG/E5UWfaN5QAIGZeT1sa0Z2UNk6oeMb/k=
go4.org/mem v0.0.0-20220726221520-4f986261bf13 h1:CbZeCBZ0aZj8EfVgnqQcYZgf0lpZ3H9rmp5nkDTAst8=
go4.org/mem v0.0.0-20220726221520-4f986261bf13/go.mod h1:reUoABIJ9ikfM5sgtSF3Wushcza7+WeD01VB9Lirh3g=
go4.org/mem v0.0.0-20240501181205-ae6ca9944745 h1:Tl++JLUCe4sxGu8cTpDzRLd3tN7US4hOxG5YpKCzkek=
go4.org/mem v0.0.0-20240501181205-ae6ca9944745/go.mod h1:reUoABIJ9ikfM5sgtSF3Wushcza7+WeD01VB9Lirh3g=
